<?xml version="1.0" encoding="utf-8"?>
<Project ToolsVersion="4.0" xmlns="http://schemas.microsoft.com/developer/msbuild/2003">
  <ItemGroup>
    <Filter Include="Source Files">
      <UniqueIdentifier>{410e78fc-80d9-4363-bbde-1a1bc1a9db27}</UniqueIdentifier>
      <Extensions>cpp</Extensions>
    </Filter>
    <Filter Include="Header Files">
      <UniqueIdentifier>{9ad96665-a4be-4530-9cfa-46d3973a4f4e}</UniqueIdentifier>
      <Extensions>h</Extensions>
    </Filter>
    <Filter Include="Schemas">
      <UniqueIdentifier>{5bb39f7c-3732-4a4f-8467-93cc1d1e6bb7}</UniqueIdentifier>
    </Filter>
    <Filter Include="Scripts">
      <UniqueIdentifier>{55f56558-f775-4e55-8614-ae57605e719d}</UniqueIdentifier>
    </Filter>
  </ItemGroup>
  <ItemGroup>
    <ClCompile Include="mbActions.cpp">
      <Filter>Source Files</Filter>
    </ClCompile>
    <ClCompile Include="mbApp.cpp">
      <Filter>Source Files</Filter>
    </ClCompile>
    <ClCompile Include="mbCmd.cpp">
      <Filter>Source Files</Filter>
    </ClCompile>
    <ClCompile Include="mbCmd_Dirs.cpp">
      <Filter>Source Files</Filter>
    </ClCompile>
    <ClCompile Include="mbCmd_Files.cpp">
      <Filter>Source Files</Filter>
    </ClCompile>
    <ClCompile Include="mbCmd_FileSystem.cpp">
      <Filter>Source Files</Filter>
    </ClCompile>
    <ClCompile Include="mbCmd_Other.cpp">
      <Filter>Source Files</Filter>
    </ClCompile>
    <ClCompile Include="mbCmd_Structure.cpp">
      <Filter>Source Files</Filter>
    </ClCompile>
    <ClCompile Include="mbCmd_Variables.cpp">
      <Filter>Source Files</Filter>
    </ClCompile>
    <ClCompile Include="mbCmd_XML.cpp">
      <Filter>Source Files</Filter>
    </ClCompile>
    <ClCompile Include="mbCmdFactory.cpp">
      <Filter>Source Files</Filter>
    </ClCompile>
    <ClCompile Include="mbCmdXml.cpp">
      <Filter>Source Files</Filter>
    </ClCompile>
    <ClCompile Include="mbFileSystemTraverser.cpp">
      <Filter>Source Files</Filter>
    </ClCompile>
    <ClCompile Include="mbMD5.cpp">
      <Filter>Source Files</Filter>
    </ClCompile>
    <ClCompile Include="mbPlatformWin.cpp">
      <Filter>Source Files</Filter>
    </ClCompile>
    <ClCompile Include="mbPrecompile.cpp">
      <Filter>Source Files</Filter>
    </ClCompile>
    <ClCompile Include="mbSandbox.cpp">
      <Filter>Source Files</Filter>
    </ClCompile>
    <ClCompile Include="mbUtil.cpp">
      <Filter>Source Files</Filter>
    </ClCompile>
    <ClCompile Include="mbVariables.cpp">
      <Filter>Source Files</Filter>
    </ClCompile>
    <ClCompile Include="mbVarParser.cpp">
      <Filter>Source Files</Filter>
    </ClCompile>
    <ClCompile Include="mbXmlNodes.cpp">
      <Filter>Source Files</Filter>
    </ClCompile>
    <ClCompile Include="MD5.cpp">
      <Filter>Source Files</Filter>
    </ClCompile>
  </ItemGroup>
  <ItemGroup>
    <ClInclude Include="mbActions.h">
      <Filter>Header Files</Filter>
    </ClInclude>
    <ClInclude Include="mbApp.h">
      <Filter>Header Files</Filter>
    </ClInclude>
    <ClInclude Include="mbCmd.h">
      <Filter>Header Files</Filter>
    </ClInclude>
    <ClInclude Include="mbCmd_Defs.h">
      <Filter>Header Files</Filter>
    </ClInclude>
    <ClInclude Include="mbCmdFactory.h">
      <Filter>Header Files</Filter>
    </ClInclude>
    <ClInclude Include="mbCmdXml.h">
      <Filter>Header Files</Filter>
    </ClInclude>
    <ClInclude Include="mbException.h">
      <Filter>Header Files</Filter>
    </ClInclude>
    <ClInclude Include="mbFileSystemTraverser.h">
      <Filter>Header Files</Filter>
    </ClInclude>
    <ClInclude Include="mbMD5.h">
      <Filter>Header Files</Filter>
    </ClInclude>
    <ClInclude Include="mbPlatform.h">
      <Filter>Header Files</Filter>
    </ClInclude>
    <ClInclude Include="mbPrecompile.h">
      <Filter>Header Files</Filter>
    </ClInclude>
    <ClInclude Include="mbSandbox.h">
      <Filter>Header Files</Filter>
    </ClInclude>
    <ClInclude Include="mbUtil.h">
      <Filter>Header Files</Filter>
    </ClInclude>
    <ClInclude Include="mbVariables.h">
      <Filter>Header Files</Filter>
    </ClInclude>
    <ClInclude Include="mbVarParser.h">
      <Filter>Header Files</Filter>
    </ClInclude>
    <ClInclude Include="mbXmlNodes.h">
      <Filter>Header Files</Filter>
    </ClInclude>
    <ClInclude Include="MD5.h">
      <Filter>Header Files</Filter>
    </ClInclude>
  </ItemGroup>
  <ItemGroup>
    <Xsd Include="ModBuild.xsd">
      <Filter>Schemas</Filter>
    </Xsd>
  </ItemGroup>
  <ItemGroup>
    <None Include="ModBuildActions.xml">
      <Filter>Scripts</Filter>
    </None>
  </ItemGroup>
</Project>